# THIS IS AN AUTOGENERATED FILE. DO NOT EDIT THIS FILE DIRECTLY.
# yarn lockfile v1


rt-image@^1.0.13:
  version "1.0.13"
  resolved "https://registry.yarnpkg.com/rt-image/-/rt-image-1.0.13.tgz#f23f7c524ba89ee34f646debdbe258f49f89e92b"
  integrity sha512-YXxFzx0d8I9FpQvPyNsU4XHaT39TlKm7oBpe6XmbPWaQYhIie6L3oDOUHG2bFGqMR9iJJwy159QVNV0I2G6Kig==
