# THIS IS AN AUTOGENERATED FILE. DO NOT EDIT THIS FILE DIRECTLY.
# yarn lockfile v1


rt-image@^1.0.11:
  version "1.0.11"
  resolved "https://registry.yarnpkg.com/rt-image/-/rt-image-1.0.11.tgz#ff94b04e685a8f90f8c97c43714296577a25bbbe"
  integrity sha512-IXU7ztbncRdtVMf2JoP/khyqyrd8TQ6nq1vkjv9NlJ6J/3mv3/F4TKNGuCWdXNj5gjikYqfIx/xbbMyupiFbZg==
